
Microsoft Visual Studio Solution File, Format Version 12.00
# Visual Studio 15
VisualStudioVersion = 15.0.28010.0
MinimumVisualStudioVersion = 10.0.40219.1
Project("{FAE04EC0-301F-11D3-BF4B-00C04F79EFBC}") = "OrderServiceApi", "OrderServiceApi\OrderServiceApi.csproj", "{BF4E59E2-BE9B-492A-875A-99A5324574CC}"
EndProject
Project("{FAE04EC0-301F-11D3-BF4B-00C04F79EFBC}") = "OrderServiceApi2", "OrderServiceApi2\OrderServiceApi2.csproj", "{19A53E2E-51D7-4164-998A-54FC2C327FE8}"
EndProject
Project("{FAE04EC0-301F-11D3-BF4B-00C04F79EFBC}") = "ProductServiceApi", "ProductServiceApi\ProductServiceApi.csproj", "{EA8CE6FB-1F6F-4D01-901D-AA4780D5B85A}"
EndProject
Global
	GlobalSection(SolutionConfigurationPlatforms) = preSolution
		Debug|Any CPU = Debug|Any CPU
		Release|Any CPU = Release|Any CPU
	EndGlobalSection
	GlobalSection(ProjectConfigurationPlatforms) = postSolution
		{BF4E59E2-BE9B-492A-875A-99A5324574CC}.Debug|Any CPU.ActiveCfg = Debug|Any CPU
		{BF4E59E2-BE9B-492A-875A-99A5324574CC}.Debug|Any CPU.Build.0 = Debug|Any CPU
		{BF4E59E2-BE9B-492A-875A-99A5324574CC}.Release|Any CPU.ActiveCfg = Release|Any CPU
		{BF4E59E2-BE9B-492A-875A-99A5324574CC}.Release|Any CPU.Build.0 = Release|Any CPU
		{19A53E2E-51D7-4164-998A-54FC2C327FE8}.Debug|Any CPU.ActiveCfg = Debug|Any CPU
		{19A53E2E-51D7-4164-998A-54FC2C327FE8}.Debug|Any CPU.Build.0 = Debug|Any CPU
		{19A53E2E-51D7-4164-998A-54FC2C327FE8}.Release|Any CPU.ActiveCfg = Release|Any CPU
		{19A53E2E-51D7-4164-998A-54FC2C327FE8}.Release|Any CPU.Build.0 = Release|Any CPU
		{EA8CE6FB-1F6F-4D01-901D-AA4780D5B85A}.Debug|Any CPU.ActiveCfg = Debug|Any CPU
		{EA8CE6FB-1F6F-4D01-901D-AA4780D5B85A}.Debug|Any CPU.Build.0 = Debug|Any CPU
		{EA8CE6FB-1F6F-4D01-901D-AA4780D5B85A}.Release|Any CPU.ActiveCfg = Release|Any CPU
		{EA8CE6FB-1F6F-4D01-901D-AA4780D5B85A}.Release|Any CPU.Build.0 = Release|Any CPU
	EndGlobalSection
	GlobalSection(SolutionProperties) = preSolution
		HideSolutionNode = FALSE
	EndGlobalSection
	GlobalSection(ExtensibilityGlobals) = postSolution
		SolutionGuid = {5557F144-F9F9-41D8-8984-574A7EDC5FA3}
	EndGlobalSection
EndGlobal
